// !$*UTF8*$!
{
	archiveVersion = 1;
	classes = {
	};
	objectVersion = 46;
	objects = {

/* Begin PBXBuildFile section */
		EB0B03A61E22EA25002091D3 /* WindowController.swift in Sources */ = {isa = PBXBuildFile; fileRef = EB0B03A51E22EA25002091D3 /* WindowController.swift */; };
		EB14F60C1E2C159E00EF5B6A /* Credits.rtf in Resources */ = {isa = PBXBuildFile; fileRef = EB14F60B1E2C159E00EF5B6A /* Credits.rtf */; };
		EB31EBF21E1BCDDF00DB1EA2 /* AppDelegate.swift in Sources */ = {isa = PBXBuildFile; fileRef = EB31EBF11E1BCDDF00DB1EA2 /* AppDelegate.swift */; };
		EB31EBF41E1BCDDF00DB1EA2 /* ViewController.swift in Sources */ = {isa = PBXBuildFile; fileRef = EB31EBF31E1BCDDF00DB1EA2 /* ViewController.swift */; };
		EB31EBF61E1BCDDF00DB1EA2 /* Assets.xcassets in Resources */ = {isa = PBXBuildFile; fileRef = EB31EBF51E1BCDDF00DB1EA2 /* Assets.xcassets */; };
		EB31EBF91E1BCDDF00DB1EA2 /* Main.storyboard in Resources */ = {isa = PBXBuildFile; fileRef = EB31EBF71E1BCDDF00DB1EA2 /* Main.storyboard */; };
		EB6250151E1E76C90012D721 /* DropDestinationView.swift in Sources */ = {isa = PBXBuildFile; fileRef = EB6250141E1E76C90012D721 /* DropDestinationView.swift */; };
		EB69F29D1E2C227200CDA342 /* Constants.swift in Sources */ = {isa = PBXBuildFile; fileRef = EB69F29C1E2C227200CDA342 /* Constants.swift */; };
		EB69F2A31E2C2E4400CDA342 /* TitleBarAccessoryViewController.swift in Sources */ = {isa = PBXBuildFile; fileRef = EB69F2A21E2C2E4400CDA342 /* TitleBarAccessoryViewController.swift */; };
		EB69F2A51E2C305300CDA342 /* DownloadUIKitWindowController.swift in Sources */ = {isa = PBXBuildFile; fileRef = EB69F2A41E2C305300CDA342 /* DownloadUIKitWindowController.swift */; };
		EB69F2A71E2C370500CDA342 /* DownloadUIKitViewController.swift in Sources */ = {isa = PBXBuildFile; fileRef = EB69F2A61E2C370500CDA342 /* DownloadUIKitViewController.swift */; };
/* End PBXBuildFile section */

/* Begin PBXFileReference section */
		EB0B03A51E22EA25002091D3 /* WindowController.swift */ = {isa = PBXFileReference; fileEncoding = 4; lastKnownFileType = sourcecode.swift; path = WindowController.swift; sourceTree = "<group>"; };
		EB14F60B1E2C159E00EF5B6A /* Credits.rtf */ = {isa = PBXFileReference; fileEncoding = 4; lastKnownFileType = text.rtf; path = Credits.rtf; sourceTree = "<group>"; };
		EB31EBEE1E1BCDDF00DB1EA2 /* Touch Bar Preview.app */ = {isa = PBXFileReference; explicitFileType = wrapper.application; includeInIndex = 0; path = "Touch Bar Preview.app"; sourceTree = BUILT_PRODUCTS_DIR; };
		EB31EBF11E1BCDDF00DB1EA2 /* AppDelegate.swift */ = {isa = PBXFileReference; lastKnownFileType = sourcecode.swift; path = AppDelegate.swift; sourceTree = "<group>"; };
		EB31EBF31E1BCDDF00DB1EA2 /* ViewController.swift */ = {isa = PBXFileReference; lastKnownFileType = sourcecode.swift; path = ViewController.swift; sourceTree = "<group>"; };
		EB31EBF51E1BCDDF00DB1EA2 /* Assets.xcassets */ = {isa = PBXFileReference; lastKnownFileType = folder.assetcatalog; path = Assets.xcassets; sourceTree = "<group>"; };
		EB31EBF81E1BCDDF00DB1EA2 /* Base */ = {isa = PBXFileReference; lastKnownFileType = file.storyboard; name = Base; path = Base.lproj/Main.storyboard; sourceTree = "<group>"; };
		EB31EBFA1E1BCDDF00DB1EA2 /* Info.plist */ = {isa = PBXFileReference; lastKnownFileType = text.plist.xml; path = Info.plist; sourceTree = "<group>"; };
		EB6250141E1E76C90012D721 /* DropDestinationView.swift */ = {isa = PBXFileReference; fileEncoding = 4; lastKnownFileType = sourcecode.swift; path = DropDestinationView.swift; sourceTree = "<group>"; };
		EB69F29C1E2C227200CDA342 /* Constants.swift */ = {isa = PBXFileReference; fileEncoding = 4; lastKnownFileType = sourcecode.swift; path = Constants.swift; sourceTree = "<group>"; };
		EB69F2A21E2C2E4400CDA342 /* TitleBarAccessoryViewController.swift */ = {isa = PBXFileReference; fileEncoding = 4; lastKnownFileType = sourcecode.swift; path = TitleBarAccessoryViewController.swift; sourceTree = "<group>"; };
		EB69F2A41E2C305300CDA342 /* DownloadUIKitWindowController.swift */ = {isa = PBXFileReference; fileEncoding = 4; lastKnownFileType = sourcecode.swift; path = DownloadUIKitWindowController.swift; sourceTree = "<group>"; };
		EB69F2A61E2C370500CDA342 /* DownloadUIKitViewController.swift */ = {isa = PBXFileReference; fileEncoding = 4; lastKnownFileType = sourcecode.swift; path = DownloadUIKitViewController.swift; sourceTree = "<group>"; };
/* End PBXFileReference section */

/* Begin PBXFrameworksBuildPhase section */
		EB31EBEB1E1BCDDF00DB1EA2 /* Frameworks */ = {
			isa = PBXFrameworksBuildPhase;
			buildActionMask = 2147483647;
			files = (
			);
			runOnlyForDeploymentPostprocessing = 0;
		};
/* End PBXFrameworksBuildPhase section */

/* Begin PBXGroup section */
		EB14F60A1E2C156600EF5B6A /* Supporting Files */ = {
			isa = PBXGroup;
			children = (
				EB69F29C1E2C227200CDA342 /* Constants.swift */,
				EB69F2A41E2C305300CDA342 /* DownloadUIKitWindowController.swift */,
				EB69F2A61E2C370500CDA342 /* DownloadUIKitViewController.swift */,
				EB69F2A21E2C2E4400CDA342 /* TitleBarAccessoryViewController.swift */,
				EB31EBF51E1BCDDF00DB1EA2 /* Assets.xcassets */,
				EB31EBFA1E1BCDDF00DB1EA2 /* Info.plist */,
				EB14F60B1E2C159E00EF5B6A /* Credits.rtf */,
			);
			name = "Supporting Files";
			sourceTree = "<group>";
		};
		EB31EBE51E1BCDDF00DB1EA2 = {
			isa = PBXGroup;
			children = (
				EB31EBF01E1BCDDF00DB1EA2 /* Touch Bar Preview */,
				EB31EBEF1E1BCDDF00DB1EA2 /* Products */,
			);
			sourceTree = "<group>";
		};
		EB31EBEF1E1BCDDF00DB1EA2 /* Products */ = {
			isa = PBXGroup;
			children = (
				EB31EBEE1E1BCDDF00DB1EA2 /* Touch Bar Preview.app */,
			);
			name = Products;
			sourceTree = "<group>";
		};
		EB31EBF01E1BCDDF00DB1EA2 /* Touch Bar Preview */ = {
			isa = PBXGroup;
			children = (
				EB31EBF11E1BCDDF00DB1EA2 /* AppDelegate.swift */,
				EB0B03A51E22EA25002091D3 /* WindowController.swift */,
				EB31EBF31E1BCDDF00DB1EA2 /* ViewController.swift */,
				EB6250141E1E76C90012D721 /* DropDestinationView.swift */,
				EB31EBF71E1BCDDF00DB1EA2 /* Main.storyboard */,
				EB14F60A1E2C156600EF5B6A /* Supporting Files */,
			);
			path = "Touch Bar Preview";
			sourceTree = "<group>";
		};
/* End PBXGroup section */

/* Begin PBXNativeTarget section */
		EB31EBED1E1BCDDF00DB1EA2 /* Touch Bar Preview */ = {
			isa = PBXNativeTarget;
			buildConfigurationList = EB31EBFD1E1BCDDF00DB1EA2 /* Build configuration list for PBXNativeTarget "Touch Bar Preview" */;
			buildPhases = (
				EB31EBEA1E1BCDDF00DB1EA2 /* Sources */,
				EB31EBEB1E1BCDDF00DB1EA2 /* Frameworks */,
				EB31EBEC1E1BCDDF00DB1EA2 /* Resources */,
			);
			buildRules = (
			);
			dependencies = (
			);
			name = "Touch Bar Preview";
			productName = "Touch Bar Preview";
			productReference = EB31EBEE1E1BCDDF00DB1EA2 /* Touch Bar Preview.app */;
			productType = "com.apple.product-type.application";
		};
/* End PBXNativeTarget section */

/* Begin PBXProject section */
		EB31EBE61E1BCDDF00DB1EA2 /* Project object */ = {
			isa = PBXProject;
			attributes = {
				LastSwiftUpdateCheck = 0820;
				LastUpgradeCheck = 0940;
				ORGANIZATIONNAME = "Alexander Käßner";
				TargetAttributes = {
					EB31EBED1E1BCDDF00DB1EA2 = {
						CreatedOnToolsVersion = 8.2.1;
						LastSwiftMigration = 0940;
						ProvisioningStyle = Automatic;
					};
				};
			};
			buildConfigurationList = EB31EBE91E1BCDDF00DB1EA2 /* Build configuration list for PBXProject "Touch Bar Preview" */;
			compatibilityVersion = "Xcode 3.2";
			developmentRegion = English;
			hasScannedForEncodings = 0;
			knownRegions = (
				en,
				Base,
			);
			mainGroup = EB31EBE51E1BCDDF00DB1EA2;
			productRefGroup = EB31EBEF1E1BCDDF00DB1EA2 /* Products */;
			projectDirPath = "";
			projectRoot = "";
			targets = (
				EB31EBED1E1BCDDF00DB1EA2 /* Touch Bar Preview */,
			);
		};
/* End PBXProject section */

/* Begin PBXResourcesBuildPhase section */
		EB31EBEC1E1BCDDF00DB1EA2 /* Resources */ = {
			isa = PBXResourcesBuildPhase;
			buildActionMask = 2147483647;
			files = (
				EB31EBF61E1BCDDF00DB1EA2 /* Assets.xcassets in Resources */,
				EB14F60C1E2C159E00EF5B6A /* Credits.rtf in Resources */,
				EB31EBF91E1BCDDF00DB1EA2 /* Main.storyboard in Resources */,
			);
			runOnlyForDeploymentPostprocessing = 0;
		};
/* End PBXResourcesBuildPhase section */

/* Begin PBXSourcesBuildPhase section */
		EB31EBEA1E1BCDDF00DB1EA2 /* Sources */ = {
			isa = PBXSourcesBuildPhase;
			buildActionMask = 2147483647;
			files = (
				EB69F29D1E2C227200CDA342 /* Constants.swift in Sources */,
				EB69F2A31E2C2E4400CDA342 /* TitleBarAccessoryViewController.swift in Sources */,
				EB31EBF41E1BCDDF00DB1EA2 /* ViewController.swift in Sources */,
				EB69F2A71E2C370500CDA342 /* DownloadUIKitViewController.swift in Sources */,
				EB69F2A51E2C305300CDA342 /* DownloadUIKitWindowController.swift in Sources */,
				EB0B03A61E22EA25002091D3 /* WindowController.swift in Sources */,
				EB6250151E1E76C90012D721 /* DropDestinationView.swift in Sources */,
				EB31EBF21E1BCDDF00DB1EA2 /* AppDelegate.swift in Sources */,
			);
			runOnlyForDeploymentPostprocessing = 0;
		};
/* End PBXSourcesBuildPhase section */

/* Begin PBXVariantGroup section */
		EB31EBF71E1BCDDF00DB1EA2 /* Main.storyboard */ = {
			isa = PBXVariantGroup;
			children = (
				EB31EBF81E1BCDDF00DB1EA2 /* Base */,
			);
			name = Main.storyboard;
			sourceTree = "<group>";
		};
/* End PBXVariantGroup section */

/* Begin XCBuildConfiguration section */
		EB31EBFB1E1BCDDF00DB1EA2 /* Debug */ = {
			isa = XCBuildConfiguration;
			buildSettings = {
				ALWAYS_SEARCH_USER_PATHS = NO;
				CLANG_ANALYZER_NONNULL = YES;
				CLANG_CXX_LANGUAGE_STANDARD = "gnu++0x";
				CLANG_CXX_LIBRARY = "libc++";
				CLANG_ENABLE_MODULES = YES;
				CLANG_ENABLE_OBJC_ARC = YES;
				CLANG_WARN_BLOCK_CAPTURE_AUTORELEASING = YES;
				CLANG_WARN_BOOL_CONVERSION = YES;
				CLANG_WARN_COMMA = YES;
				CLANG_WARN_CONSTANT_CONVERSION = YES;
				CLANG_WARN_DEPRECATED_OBJC_IMPLEMENTATIONS = YES;
				CLANG_WARN_DIRECT_OBJC_ISA_USAGE = YES_ERROR;
				CLANG_WARN_DOCUMENTATION_COMMENTS = YES;
				CLANG_WARN_EMPTY_BODY = YES;
				CLANG_WARN_ENUM_CONVERSION = YES;
				CLANG_WARN_INFINITE_RECURSION = YES;
				CLANG_WARN_INT_CONVERSION = YES;
				CLANG_WARN_NON_LITERAL_NULL_CONVERSION = YES;
				CLANG_WARN_OBJC_IMPLICIT_RETAIN_SELF = YES;
				CLANG_WARN_OBJC_LITERAL_CONVERSION = YES;
				CLANG_WARN_OBJC_ROOT_CLASS = YES_ERROR;
				CLANG_WARN_RANGE_LOOP_ANALYSIS = YES;
				CLANG_WARN_STRICT_PROTOTYPES = YES;
				CLANG_WARN_SUSPICIOUS_MOVE = YES;
				CLANG_WARN_UNREACHABLE_CODE = YES;
				CLANG_WARN__DUPLICATE_METHOD_MATCH = YES;
				CODE_SIGN_IDENTITY = "-";
				COPY_PHASE_STRIP = NO;
				DEBUG_INFORMATION_FORMAT = dwarf;
				ENABLE_STRICT_OBJC_MSGSEND = YES;
				ENABLE_TESTABILITY = YES;
				GCC_C_LANGUAGE_STANDARD = gnu99;
				GCC_DYNAMIC_NO_PIC = NO;
				GCC_NO_COMMON_BLOCKS = YES;
				GCC_OPTIMIZATION_LEVEL = 0;
				GCC_PREPROCESSOR_DEFINITIONS = (
					"DEBUG=1",
					"$(inherited)",
				);
				GCC_WARN_64_TO_32_BIT_CONVERSION = YES;
				GCC_WARN_ABOUT_RETURN_TYPE = YES_ERROR;
				GCC_WARN_UNDECLARED_SELECTOR = YES;
				GCC_WARN_UNINITIALIZED_AUTOS = YES_AGGRESSIVE;
				GCC_WARN_UNUSED_FUNCTION = YES;
				GCC_WARN_UNUSED_VARIABLE = YES;
				MACOSX_DEPLOYMENT_TARGET = 10.12.2;
				MTL_ENABLE_DEBUG_INFO = YES;
				ONLY_ACTIVE_ARCH = YES;
				SDKROOT = macosx;
				SWIFT_ACTIVE_COMPILATION_CONDITIONS = DEBUG;
				SWIFT_OPTIMIZATION_LEVEL = "-Onone";
			};
			name = Debug;
		};
		EB31EBFC1E1BCDDF00DB1EA2 /* Release */ = {
			isa = XCBuildConfiguration;
			buildSettings = {
				ALWAYS_SEARCH_USER_PATHS = NO;
				CLANG_ANALYZER_NONNULL = YES;
				CLANG_CXX_LANGUAGE_STANDARD = "gnu++0x";
				CLANG_CXX_LIBRARY = "libc++";
				CLANG_ENABLE_MODULES = YES;
				CLANG_ENABLE_OBJC_ARC = YES;
				CLANG_WARN_BLOCK_CAPTURE_AUTORELEASING = YES;
				CLANG_WARN_BOOL_CONVERSION = YES;
				CLANG_WARN_COMMA = YES;
				CLANG_WARN_CONSTANT_CONVERSION = YES;
				CLANG_WARN_DEPRECATED_OBJC_IMPLEMENTATIONS = YES;
				CLANG_WARN_DIRECT_OBJC_ISA_USAGE = YES_ERROR;
				CLANG_WARN_DOCUMENTATION_COMMENTS = YES;
				CLANG_WARN_EMPTY_BODY = YES;
				CLANG_WARN_ENUM_CONVERSION = YES;
				CLANG_WARN_INFINITE_RECURSION = YES;
				CLANG_WARN_INT_CONVERSION = YES;
				CLANG_WARN_NON_LITERAL_NULL_CONVERSION = YES;
				CLANG_WARN_OBJC_IMPLICIT_RETAIN_SELF = YES;
				CLANG_WARN_OBJC_LITERAL_CONVERSION = YES;
				CLANG_WARN_OBJC_ROOT_CLASS = YES_ERROR;
				CLANG_WARN_RANGE_LOOP_ANALYSIS = YES;
				CLANG_WARN_STRICT_PROTOTYPES = YES;
				CLANG_WARN_SUSPICIOUS_MOVE = YES;
				CLANG_WARN_UNREACHABLE_CODE = YES;
				CLANG_WARN__DUPLICATE_METHOD_MATCH = YES;
				CODE_SIGN_IDENTITY = "-";
				COPY_PHASE_STRIP = NO;
				DEBUG_INFORMATION_FORMAT = "dwarf-with-dsym";
				ENABLE_NS_ASSERTIONS = NO;
				ENABLE_STRICT_OBJC_MSGSEND = YES;
				GCC_C_LANGUAGE_STANDARD = gnu99;
				GCC_NO_COMMON_BLOCKS = YES;
				GCC_WARN_64_TO_32_BIT_CONVERSION = YES;
				GCC_WARN_ABOUT_RETURN_TYPE = YES_ERROR;
				GCC_WARN_UNDECLARED_SELECTOR = YES;
				GCC_WARN_UNINITIALIZED_AUTOS = YES_AGGRESSIVE;
				GCC_WARN_UNUSED_FUNCTION = YES;
				GCC_WARN_UNUSED_VARIABLE = YES;
				MACOSX_DEPLOYMENT_TARGET = 10.12.2;
				MTL_ENABLE_DEBUG_INFO = NO;
				SDKROOT = macosx;
				SWIFT_OPTIMIZATION_LEVEL = "-Owholemodule";
			};
			name = Release;
		};
		EB31EBFE1E1BCDDF00DB1EA2 /* Debug */ = {
			isa = XCBuildConfiguration;
			buildSettings = {
				ASSETCATALOG_COMPILER_APPICON_NAME = AppIcon;
				COMBINE_HIDPI_IMAGES = YES;
				INFOPLIST_FILE = "Touch Bar Preview/Info.plist";
				LD_RUNPATH_SEARCH_PATHS = "$(inherited) @executable_path/../Frameworks";
				PRODUCT_BUNDLE_IDENTIFIER = "com.alexkaessner.touch-bar-preview";
				PRODUCT_NAME = "$(TARGET_NAME)";
				SWIFT_VERSION = 4.0;
			};
			name = Debug;
		};
		EB31EBFF1E1BCDDF00DB1EA2 /* Release */ = {
			isa = XCBuildConfiguration;
			buildSettings = {
				ASSETCATALOG_COMPILER_APPICON_NAME = AppIcon;
				COMBINE_HIDPI_IMAGES = YES;
				INFOPLIST_FILE = "Touch Bar Preview/Info.plist";
				LD_RUNPATH_SEARCH_PATHS = "$(inherited) @executable_path/../Frameworks";
				PRODUCT_BUNDLE_IDENTIFIER = "com.alexkaessner.touch-bar-preview";
				PRODUCT_NAME = "$(TARGET_NAME)";
				SWIFT_VERSION = 4.0;
			};
			name = Release;
		};
/* End XCBuildConfiguration section */

/* Begin XCConfigurationList section */
		EB31EBE91E1BCDDF00DB1EA2 /* Build configuration list for PBXProject "Touch Bar Preview" */ = {
			isa = XCConfigurationList;
			buildConfigurations = (
				EB31EBFB1E1BCDDF00DB1EA2 /* Debug */,
				EB31EBFC1E1BCDDF00DB1EA2 /* Release */,
			);
			defaultConfigurationIsVisible = 0;
			defaultConfigurationName = Release;
		};
		EB31EBFD1E1BCDDF00DB1EA2 /* Build configuration list for PBXNativeTarget "Touch Bar Preview" */ = {
			isa = XCConfigurationList;
			buildConfigurations = (
				EB31EBFE1E1BCDDF00DB1EA2 /* Debug */,
				EB31EBFF1E1BCDDF00DB1EA2 /* Release */,
			);
			defaultConfigurationIsVisible = 0;
			defaultConfigurationName = Release;
		};
/* End XCConfigurationList section */
	};
	rootObject = EB31EBE61E1BCDDF00DB1EA2 /* Project object */;
}
